
Microsoft Visual Studio Solution File, Format Version 12.00
# Visual Studio Version 16
VisualStudioVersion = 16.0.29009.5
MinimumVisualStudioVersion = 10.0.40219.1
Project("{FAE04EC0-301F-11D3-BF4B-00C04F79EFBC}") = "300_LongestIncreasingSubsequence", "300_LongestIncreasingSubsequence\300_LongestIncreasingSubsequence.csproj", "{785ECC35-CD4B-409D-852E-FC07E4B5CFD6}"
EndProject
Project("{FAE04EC0-301F-11D3-BF4B-00C04F79EFBC}") = "1419_MinimumNumberofFrogsCroaking", "1419_MinimumNumberofFrogsCroaking\1419_MinimumNumberofFrogsCroaking.csproj", "{C7B96DC0-0FA1-4298-8D6D-0DACC6D25316}"
EndProject
Project("{FAE04EC0-301F-11D3-BF4B-00C04F79EFBC}") = "38_CountAndSay", "38_CountAndSay\38_CountAndSay.csproj", "{65D7694F-1685-446D-8E8F-FA616A4C5DDE}"
EndProject
Project("{FAE04EC0-301F-11D3-BF4B-00C04F79EFBC}") = "1_TwoSum", "1_TwoSum\1_TwoSum.csproj", "{09027B20-C798-46C2-AA90-373CB9CF4C9D}"
EndProject
Project("{FAE04EC0-301F-11D3-BF4B-00C04F79EFBC}") = "15_ThreeSum", "15_ThreeSum\15_ThreeSum.csproj", "{FA98BF15-EAC4-475A-9951-1AF748D07E10}"
EndProject
Project("{FAE04EC0-301F-11D3-BF4B-00C04F79EFBC}") = "11_ContainerWithMostWater", "11_ContainerWithMostWater\11_ContainerWithMostWater.csproj", "{9CFC7654-BCD5-41D0-ABD0-2338775C2B13}"
EndProject
Project("{FAE04EC0-301F-11D3-BF4B-00C04F79EFBC}") = "283_MoveZeroes", "283_MoveZeroes\283_MoveZeroes.csproj", "{27D6175E-6B3F-4BA5-A1DE-CFD8265FCE7B}"
EndProject
Project("{FAE04EC0-301F-11D3-BF4B-00C04F79EFBC}") = "70_ClimbingStairs", "70_ClimbingStairs\70_ClimbingStairs.csproj", "{C9D1DB3A-C35D-4CA4-83DC-116DD5940308}"
EndProject
Project("{FAE04EC0-301F-11D3-BF4B-00C04F79EFBC}") = "206_ReverseLinkedList", "206_ReverseLinkedList\206_ReverseLinkedList.csproj", "{65631E99-45E0-4820-88ED-97B9EC2BFC18}"
EndProject
Project("{FAE04EC0-301F-11D3-BF4B-00C04F79EFBC}") = "24_SwapNodesInPairs", "24_SwapNodesInPairs\24_SwapNodesInPairs.csproj", "{2BFAD012-EF70-4DC1-B4A1-10737C7D5FC6}"
EndProject
Project("{FAE04EC0-301F-11D3-BF4B-00C04F79EFBC}") = "141_LinkedListCycle", "141_LinkedListCycle\141_LinkedListCycle.csproj", "{CF51FDE2-70AA-447A-9E4B-BBC0E898BE4B}"
EndProject
Project("{FAE04EC0-301F-11D3-BF4B-00C04F79EFBC}") = "142_LinkedListCycle2", "142_LinkedListCycle2\142_LinkedListCycle2.csproj", "{2F8C0CF9-71AB-470E-A972-EEA76EB86BE1}"
EndProject
Project("{FAE04EC0-301F-11D3-BF4B-00C04F79EFBC}") = "25_ReverseNodesInK-Group", "25_ReverseNodesInK-Group\25_ReverseNodesInK-Group.csproj", "{181857A6-1845-45C2-9F77-37BB02341F23}"
EndProject
Project("{FAE04EC0-301F-11D3-BF4B-00C04F79EFBC}") = "20_ValidParentheses", "20_ValidParentheses\20_ValidParentheses.csproj", "{179C8603-E2D8-4D0D-9778-AF2E17CA90F6}"
EndProject
Project("{FAE04EC0-301F-11D3-BF4B-00C04F79EFBC}") = "155_MinStack", "155_MinStack\155_MinStack.csproj", "{5B2A472A-A0D2-4E8A-9D69-D1CF9E3345FA}"
EndProject
Project("{FAE04EC0-301F-11D3-BF4B-00C04F79EFBC}") = "84_LargestRectangleInHistogram", "84_LargestRectangleInHistogram\84_LargestRectangleInHistogram.csproj", "{2647E419-DAA4-4698-9991-28711EB59CC9}"
EndProject
Project("{FAE04EC0-301F-11D3-BF4B-00C04F79EFBC}") = "239_SlidingWindowMaximum", "239_SlidingWindowMaximum\239_SlidingWindowMaximum.csproj", "{21F5E451-BB66-4655-BDDC-6D35DA6FF1D5}"
EndProject
Project("{FAE04EC0-301F-11D3-BF4B-00C04F79EFBC}") = "242_ValidAnagram", "242_ValidAnagram\242_ValidAnagram.csproj", "{55476485-5EE6-4AA5-8FE2-CF7E51F38950}"
EndProject
Project("{FAE04EC0-301F-11D3-BF4B-00C04F79EFBC}") = "49_GroupAnagrams", "49_GroupAnagrams\49_GroupAnagrams.csproj", "{5919067B-B81B-4433-8A8E-2F5BCCB28C3B}"
EndProject
Project("{FAE04EC0-301F-11D3-BF4B-00C04F79EFBC}") = "94_BinaryTreeInOrderTraversal", "94_BinaryTreeInOrderTraversal\94_BinaryTreeInOrderTraversal.csproj", "{7A6D9BE3-6D3B-4BFF-BF56-D7F4DCE8D5BE}"
EndProject
Project("{FAE04EC0-301F-11D3-BF4B-00C04F79EFBC}") = "144_BinaryTreePreorderTraversal", "144_BinaryTreePreorderTraversal\144_BinaryTreePreorderTraversal.csproj", "{BD99CA5F-9436-47B4-B904-D179B3DABA66}"
EndProject
Project("{FAE04EC0-301F-11D3-BF4B-00C04F79EFBC}") = "590_N-aryTreePostorderTraversal", "590_N-aryTreePostorderTraversal\590_N-aryTreePostorderTraversal.csproj", "{863DC0A0-2E46-47B7-AA74-E5373E35160C}"
EndProject
Project("{FAE04EC0-301F-11D3-BF4B-00C04F79EFBC}") = "589_N-aryTreePreorderTraversal", "589_N-aryTreePreorderTraversal\589_N-aryTreePreorderTraversal.csproj", "{5B714E36-24A7-4B3F-8FB9-B8BF7A4C5E53}"
EndProject
Project("{FAE04EC0-301F-11D3-BF4B-00C04F79EFBC}") = "429_N-aryTreeLevelOrderTraversal", "429_N-aryTreeLevelOrderTraversal\429_N-aryTreeLevelOrderTraversal.csproj", "{4EF50AAE-4DCF-4B17-BE2A-0BD2C75A6A63}"
EndProject
Project("{FAE04EC0-301F-11D3-BF4B-00C04F79EFBC}") = "102_BinaryTreeLevelOrderTraversal", "102_BinaryTreeLevelOrderTraversal\102_BinaryTreeLevelOrderTraversal.csproj", "{DB46F302-1635-4A3D-A884-44C96654F547}"
EndProject
Project("{FAE04EC0-301F-11D3-BF4B-00C04F79EFBC}") = "22_GenerateParentheses", "22_GenerateParentheses\22_GenerateParentheses.csproj", "{018F877F-BE76-47B6-A093-A70B1CF9B737}"
EndProject
Project("{FAE04EC0-301F-11D3-BF4B-00C04F79EFBC}") = "226_InvertBinaryTree", "226_InvertBinaryTree\226_InvertBinaryTree.csproj", "{87882C93-5134-43CE-88E0-16D122B2E9A4}"
EndProject
Project("{FAE04EC0-301F-11D3-BF4B-00C04F79EFBC}") = "104_MaximumDepthOfBinaryTree", "104_MaximumDepthOfBinaryTree\104_MaximumDepthOfBinaryTree.csproj", "{40C3FF8A-7768-458E-A275-BB187ED930C3}"
EndProject
Project("{FAE04EC0-301F-11D3-BF4B-00C04F79EFBC}") = "111_MinimumDepthOfBinaryTree", "111_MinimumDepthOfBinaryTree\111_MinimumDepthOfBinaryTree.csproj", "{00D35C26-B18C-4C62-A0BC-E68BC5120338}"
EndProject
Project("{FAE04EC0-301F-11D3-BF4B-00C04F79EFBC}") = "169_MajorityElement", "169_MajorityElement\169_MajorityElement.csproj", "{16FDEF7F-543E-4536-B0DC-94FAC3F5D7D0}"
EndProject
Project("{FAE04EC0-301F-11D3-BF4B-00C04F79EFBC}") = "51_NQueens", "51_NQueens\51_NQueens.csproj", "{B64EC4D0-B978-4F80-BEE9-5293D93B219F}"
EndProject
Project("{FAE04EC0-301F-11D3-BF4B-00C04F79EFBC}") = "344_ReverseString", "344_ReverseString\344_ReverseString.csproj", "{DD9B844E-EBF1-40D8-AD93-9B0E04217847}"
EndProject
Project("{FAE04EC0-301F-11D3-BF4B-00C04F79EFBC}") = "88_MergeSortedArray", "88_MergeSortedArray\88_MergeSortedArray.csproj", "{0FAFB79C-18BB-457E-BF6D-578C4B6F5DDC}"
EndProject
Project("{FAE04EC0-301F-11D3-BF4B-00C04F79EFBC}") = "17_LetterCombinationsOfAPhoneNumber", "17_LetterCombinationsOfAPhoneNumber\17_LetterCombinationsOfAPhoneNumber.csproj", "{B41B36F0-4B52-4275-ABF6-9C17A554C4FB}"
EndProject
Project("{FAE04EC0-301F-11D3-BF4B-00C04F79EFBC}") = "78_Subsets", "78_Subsets\78_Subsets.csproj", "{B9327C1A-897D-4AE4-AEAA-878C99FE2C8D}"
EndProject
Project("{FAE04EC0-301F-11D3-BF4B-00C04F79EFBC}") = "50_Pow(x, n)", "50_Pow(x, n)\50_Pow(x, n).csproj", "{EE0CA44F-79F0-4BBD-91F9-C6305BF0CA70}"
EndProject
Project("{FAE04EC0-301F-11D3-BF4B-00C04F79EFBC}") = "515_FindLargestValueInEachTreeRow", "515_FindLargestValueInEachTreeRow\515_FindLargestValueInEachTreeRow.csproj", "{DAA499CD-A71F-4CFE-A143-5F27FBC15209}"
EndProject
Project("{FAE04EC0-301F-11D3-BF4B-00C04F79EFBC}") = "200_NumberOfIslands", "200_NumberOfIslands\200_NumberOfIslands.csproj", "{73200010-A299-4070-8F38-AD11AF81889A}"
EndProject
Project("{FAE04EC0-301F-11D3-BF4B-00C04F79EFBC}") = "5_LongestPalindromicSubstring", "5_LongestPalindromicSubstring\5_LongestPalindromicSubstring.csproj", "{C2425D0B-4142-4846-9D2C-53C747FBE3CE}"
EndProject
Project("{FAE04EC0-301F-11D3-BF4B-00C04F79EFBC}") = "529_Minesweeper", "529_Minesweeper\529_Minesweeper.csproj", "{E29D4E2D-BB83-488D-87C9-A304B724FC8C}"
EndProject
Project("{FAE04EC0-301F-11D3-BF4B-00C04F79EFBC}") = "127_WordLadder", "127_WordLadder\127_WordLadder.csproj", "{A070C91E-E2F4-4D55-A803-95FCB4B9AF1E}"
EndProject
Project("{FAE04EC0-301F-11D3-BF4B-00C04F79EFBC}") = "860_LemonadeChange", "860_LemonadeChange\860_LemonadeChange.csproj", "{5FFEF652-A41C-4F6B-A376-0C3C411895AF}"
EndProject
Project("{FAE04EC0-301F-11D3-BF4B-00C04F79EFBC}") = "122_BestTimeToBuyAndSellStock2", "122_BestTimeToBuyAndSellStock2\122_BestTimeToBuyAndSellStock2.csproj", "{38092AB6-2B04-41CB-B134-92FACB8CCD84}"
EndProject
Project("{FAE04EC0-301F-11D3-BF4B-00C04F79EFBC}") = "455_AssignCookies", "455_AssignCookies\455_AssignCookies.csproj", "{790FAD6A-5E59-4876-BF96-5A9DDC8AD246}"
EndProject
Project("{FAE04EC0-301F-11D3-BF4B-00C04F79EFBC}") = "874_WalkingRobotSimulation", "874_WalkingRobotSimulation\874_WalkingRobotSimulation.csproj", "{231593A2-E35F-460A-9C74-4275C5DC7199}"
EndProject
Project("{FAE04EC0-301F-11D3-BF4B-00C04F79EFBC}") = "55_JumpGame", "55_JumpGame\55_JumpGame.csproj", "{55A8683F-5B6F-4FDB-A110-95442B9C6A09}"
EndProject
Project("{FAE04EC0-301F-11D3-BF4B-00C04F79EFBC}") = "26_RemoveDuplicatesFromSortedArray", "26_RemoveDuplicatesFromSortedArray\26_RemoveDuplicatesFromSortedArray.csproj", "{E5053B7B-02E9-427A-8EA1-B838EC615C00}"
EndProject
Project("{FAE04EC0-301F-11D3-BF4B-00C04F79EFBC}") = "69_Sqrt", "69_Sqrt\69_Sqrt.csproj", "{4587ABC0-6CE7-4329-BD8C-8D4BEB260E94}"
EndProject
Project("{FAE04EC0-301F-11D3-BF4B-00C04F79EFBC}") = "367_ValidPerfectSquare", "367_ValidPerfectSquare\367_ValidPerfectSquare.csproj", "{841D5BF1-FE77-44EE-B2F3-737F71510A97}"
EndProject
Project("{FAE04EC0-301F-11D3-BF4B-00C04F79EFBC}") = "21_MergeTwoSortedLists", "21_MergeTwoSortedLists\21_MergeTwoSortedLists.csproj", "{EDEAF69B-EEFB-4827-A05A-705B23A60198}"
EndProject
Project("{FAE04EC0-301F-11D3-BF4B-00C04F79EFBC}") = "33_SearchInRotatedSortedArray", "33_SearchInRotatedSortedArray\33_SearchInRotatedSortedArray.csproj", "{E94080F4-9B47-4473-A665-F1587CB5A297}"
EndProject
Project("{FAE04EC0-301F-11D3-BF4B-00C04F79EFBC}") = "74_Searcha2DMatrix", "74_Searcha2DMatrix\74_Searcha2DMatrix.csproj", "{6229CD2A-72ED-4BD0-9C3C-BD73AA79A364}"
EndProject
Project("{FAE04EC0-301F-11D3-BF4B-00C04F79EFBC}") = "153_FindMinimumInRotatedSortedArray", "153_FindMinimumInRotatedSortedArray\153_FindMinimumInRotatedSortedArray.csproj", "{F5512197-B65A-43EA-A827-BD1455919B50}"
EndProject
Project("{FAE04EC0-301F-11D3-BF4B-00C04F79EFBC}") = "9_PalindromeNumber", "9_PalindromeNumber\9_PalindromeNumber.csproj", "{281A679F-25F7-4253-B36A-B2782E26A928}"
EndProject
Global
	GlobalSection(SolutionConfigurationPlatforms) = preSolution
		Debug|Any CPU = Debug|Any CPU
		Release|Any CPU = Release|Any CPU
	EndGlobalSection
	GlobalSection(ProjectConfigurationPlatforms) = postSolution
		{785ECC35-CD4B-409D-852E-FC07E4B5CFD6}.Debug|Any CPU.ActiveCfg = Debug|Any CPU
		{785ECC35-CD4B-409D-852E-FC07E4B5CFD6}.Debug|Any CPU.Build.0 = Debug|Any CPU
		{785ECC35-CD4B-409D-852E-FC07E4B5CFD6}.Release|Any CPU.ActiveCfg = Release|Any CPU
		{785ECC35-CD4B-409D-852E-FC07E4B5CFD6}.Release|Any CPU.Build.0 = Release|Any CPU
		{C7B96DC0-0FA1-4298-8D6D-0DACC6D25316}.Debug|Any CPU.ActiveCfg = Debug|Any CPU
		{C7B96DC0-0FA1-4298-8D6D-0DACC6D25316}.Debug|Any CPU.Build.0 = Debug|Any CPU
		{C7B96DC0-0FA1-4298-8D6D-0DACC6D25316}.Release|Any CPU.ActiveCfg = Release|Any CPU
		{C7B96DC0-0FA1-4298-8D6D-0DACC6D25316}.Release|Any CPU.Build.0 = Release|Any CPU
		{65D7694F-1685-446D-8E8F-FA616A4C5DDE}.Debug|Any CPU.ActiveCfg = Debug|Any CPU
		{65D7694F-1685-446D-8E8F-FA616A4C5DDE}.Debug|Any CPU.Build.0 = Debug|Any CPU
		{65D7694F-1685-446D-8E8F-FA616A4C5DDE}.Release|Any CPU.ActiveCfg = Release|Any CPU
		{65D7694F-1685-446D-8E8F-FA616A4C5DDE}.Release|Any CPU.Build.0 = Release|Any CPU
		{09027B20-C798-46C2-AA90-373CB9CF4C9D}.Debug|Any CPU.ActiveCfg = Debug|Any CPU
		{09027B20-C798-46C2-AA90-373CB9CF4C9D}.Debug|Any CPU.Build.0 = Debug|Any CPU
		{09027B20-C798-46C2-AA90-373CB9CF4C9D}.Release|Any CPU.ActiveCfg = Release|Any CPU
		{09027B20-C798-46C2-AA90-373CB9CF4C9D}.Release|Any CPU.Build.0 = Release|Any CPU
		{FA98BF15-EAC4-475A-9951-1AF748D07E10}.Debug|Any CPU.ActiveCfg = Debug|Any CPU
		{FA98BF15-EAC4-475A-9951-1AF748D07E10}.Debug|Any CPU.Build.0 = Debug|Any CPU
		{FA98BF15-EAC4-475A-9951-1AF748D07E10}.Release|Any CPU.ActiveCfg = Release|Any CPU
		{FA98BF15-EAC4-475A-9951-1AF748D07E10}.Release|Any CPU.Build.0 = Release|Any CPU
		{9CFC7654-BCD5-41D0-ABD0-2338775C2B13}.Debug|Any CPU.ActiveCfg = Debug|Any CPU
		{9CFC7654-BCD5-41D0-ABD0-2338775C2B13}.Debug|Any CPU.Build.0 = Debug|Any CPU
		{9CFC7654-BCD5-41D0-ABD0-2338775C2B13}.Release|Any CPU.ActiveCfg = Release|Any CPU
		{9CFC7654-BCD5-41D0-ABD0-2338775C2B13}.Release|Any CPU.Build.0 = Release|Any CPU
		{27D6175E-6B3F-4BA5-A1DE-CFD8265FCE7B}.Debug|Any CPU.ActiveCfg = Debug|Any CPU
		{27D6175E-6B3F-4BA5-A1DE-CFD8265FCE7B}.Debug|Any CPU.Build.0 = Debug|Any CPU
		{27D6175E-6B3F-4BA5-A1DE-CFD8265FCE7B}.Release|Any CPU.ActiveCfg = Release|Any CPU
		{27D6175E-6B3F-4BA5-A1DE-CFD8265FCE7B}.Release|Any CPU.Build.0 = Release|Any CPU
		{C9D1DB3A-C35D-4CA4-83DC-116DD5940308}.Debug|Any CPU.ActiveCfg = Debug|Any CPU
		{C9D1DB3A-C35D-4CA4-83DC-116DD5940308}.Debug|Any CPU.Build.0 = Debug|Any CPU
		{C9D1DB3A-C35D-4CA4-83DC-116DD5940308}.Release|Any CPU.ActiveCfg = Release|Any CPU
		{C9D1DB3A-C35D-4CA4-83DC-116DD5940308}.Release|Any CPU.Build.0 = Release|Any CPU
		{65631E99-45E0-4820-88ED-97B9EC2BFC18}.Debug|Any CPU.ActiveCfg = Debug|Any CPU
		{65631E99-45E0-4820-88ED-97B9EC2BFC18}.Debug|Any CPU.Build.0 = Debug|Any CPU
		{65631E99-45E0-4820-88ED-97B9EC2BFC18}.Release|Any CPU.ActiveCfg = Release|Any CPU
		{65631E99-45E0-4820-88ED-97B9EC2BFC18}.Release|Any CPU.Build.0 = Release|Any CPU
		{2BFAD012-EF70-4DC1-B4A1-10737C7D5FC6}.Debug|Any CPU.ActiveCfg = Debug|Any CPU
		{2BFAD012-EF70-4DC1-B4A1-10737C7D5FC6}.Debug|Any CPU.Build.0 = Debug|Any CPU
		{2BFAD012-EF70-4DC1-B4A1-10737C7D5FC6}.Release|Any CPU.ActiveCfg = Release|Any CPU
		{2BFAD012-EF70-4DC1-B4A1-10737C7D5FC6}.Release|Any CPU.Build.0 = Release|Any CPU
		{CF51FDE2-70AA-447A-9E4B-BBC0E898BE4B}.Debug|Any CPU.ActiveCfg = Debug|Any CPU
		{CF51FDE2-70AA-447A-9E4B-BBC0E898BE4B}.Debug|Any CPU.Build.0 = Debug|Any CPU
		{CF51FDE2-70AA-447A-9E4B-BBC0E898BE4B}.Release|Any CPU.ActiveCfg = Release|Any CPU
		{CF51FDE2-70AA-447A-9E4B-BBC0E898BE4B}.Release|Any CPU.Build.0 = Release|Any CPU
		{2F8C0CF9-71AB-470E-A972-EEA76EB86BE1}.Debug|Any CPU.ActiveCfg = Debug|Any CPU
		{2F8C0CF9-71AB-470E-A972-EEA76EB86BE1}.Debug|Any CPU.Build.0 = Debug|Any CPU
		{2F8C0CF9-71AB-470E-A972-EEA76EB86BE1}.Release|Any CPU.ActiveCfg = Release|Any CPU
		{2F8C0CF9-71AB-470E-A972-EEA76EB86BE1}.Release|Any CPU.Build.0 = Release|Any CPU
		{181857A6-1845-45C2-9F77-37BB02341F23}.Debug|Any CPU.ActiveCfg = Debug|Any CPU
		{181857A6-1845-45C2-9F77-37BB02341F23}.Debug|Any CPU.Build.0 = Debug|Any CPU
		{181857A6-1845-45C2-9F77-37BB02341F23}.Release|Any CPU.ActiveCfg = Release|Any CPU
		{181857A6-1845-45C2-9F77-37BB02341F23}.Release|Any CPU.Build.0 = Release|Any CPU
		{179C8603-E2D8-4D0D-9778-AF2E17CA90F6}.Debug|Any CPU.ActiveCfg = Debug|Any CPU
		{179C8603-E2D8-4D0D-9778-AF2E17CA90F6}.Debug|Any CPU.Build.0 = Debug|Any CPU
		{179C8603-E2D8-4D0D-9778-AF2E17CA90F6}.Release|Any CPU.ActiveCfg = Release|Any CPU
		{179C8603-E2D8-4D0D-9778-AF2E17CA90F6}.Release|Any CPU.Build.0 = Release|Any CPU
		{5B2A472A-A0D2-4E8A-9D69-D1CF9E3345FA}.Debug|Any CPU.ActiveCfg = Debug|Any CPU
		{5B2A472A-A0D2-4E8A-9D69-D1CF9E3345FA}.Debug|Any CPU.Build.0 = Debug|Any CPU
		{5B2A472A-A0D2-4E8A-9D69-D1CF9E3345FA}.Release|Any CPU.ActiveCfg = Release|Any CPU
		{5B2A472A-A0D2-4E8A-9D69-D1CF9E3345FA}.Release|Any CPU.Build.0 = Release|Any CPU
		{2647E419-DAA4-4698-9991-28711EB59CC9}.Debug|Any CPU.ActiveCfg = Debug|Any CPU
		{2647E419-DAA4-4698-9991-28711EB59CC9}.Debug|Any CPU.Build.0 = Debug|Any CPU
		{2647E419-DAA4-4698-9991-28711EB59CC9}.Release|Any CPU.ActiveCfg = Release|Any CPU
		{2647E419-DAA4-4698-9991-28711EB59CC9}.Release|Any CPU.Build.0 = Release|Any CPU
		{21F5E451-BB66-4655-BDDC-6D35DA6FF1D5}.Debug|Any CPU.ActiveCfg = Debug|Any CPU
		{21F5E451-BB66-4655-BDDC-6D35DA6FF1D5}.Debug|Any CPU.Build.0 = Debug|Any CPU
		{21F5E451-BB66-4655-BDDC-6D35DA6FF1D5}.Release|Any CPU.ActiveCfg = Release|Any CPU
		{21F5E451-BB66-4655-BDDC-6D35DA6FF1D5}.Release|Any CPU.Build.0 = Release|Any CPU
		{55476485-5EE6-4AA5-8FE2-CF7E51F38950}.Debug|Any CPU.ActiveCfg = Debug|Any CPU
		{55476485-5EE6-4AA5-8FE2-CF7E51F38950}.Debug|Any CPU.Build.0 = Debug|Any CPU
		{55476485-5EE6-4AA5-8FE2-CF7E51F38950}.Release|Any CPU.ActiveCfg = Release|Any CPU
		{55476485-5EE6-4AA5-8FE2-CF7E51F38950}.Release|Any CPU.Build.0 = Release|Any CPU
		{5919067B-B81B-4433-8A8E-2F5BCCB28C3B}.Debug|Any CPU.ActiveCfg = Debug|Any CPU
		{5919067B-B81B-4433-8A8E-2F5BCCB28C3B}.Debug|Any CPU.Build.0 = Debug|Any CPU
		{5919067B-B81B-4433-8A8E-2F5BCCB28C3B}.Release|Any CPU.ActiveCfg = Release|Any CPU
		{5919067B-B81B-4433-8A8E-2F5BCCB28C3B}.Release|Any CPU.Build.0 = Release|Any CPU
		{7A6D9BE3-6D3B-4BFF-BF56-D7F4DCE8D5BE}.Debug|Any CPU.ActiveCfg = Debug|Any CPU
		{7A6D9BE3-6D3B-4BFF-BF56-D7F4DCE8D5BE}.Debug|Any CPU.Build.0 = Debug|Any CPU
		{7A6D9BE3-6D3B-4BFF-BF56-D7F4DCE8D5BE}.Release|Any CPU.ActiveCfg = Release|Any CPU
		{7A6D9BE3-6D3B-4BFF-BF56-D7F4DCE8D5BE}.Release|Any CPU.Build.0 = Release|Any CPU
		{BD99CA5F-9436-47B4-B904-D179B3DABA66}.Debug|Any CPU.ActiveCfg = Debug|Any CPU
		{BD99CA5F-9436-47B4-B904-D179B3DABA66}.Debug|Any CPU.Build.0 = Debug|Any CPU
		{BD99CA5F-9436-47B4-B904-D179B3DABA66}.Release|Any CPU.ActiveCfg = Release|Any CPU
		{BD99CA5F-9436-47B4-B904-D179B3DABA66}.Release|Any CPU.Build.0 = Release|Any CPU
		{863DC0A0-2E46-47B7-AA74-E5373E35160C}.Debug|Any CPU.ActiveCfg = Debug|Any CPU
		{863DC0A0-2E46-47B7-AA74-E5373E35160C}.Debug|Any CPU.Build.0 = Debug|Any CPU
		{863DC0A0-2E46-47B7-AA74-E5373E35160C}.Release|Any CPU.ActiveCfg = Release|Any CPU
		{863DC0A0-2E46-47B7-AA74-E5373E35160C}.Release|Any CPU.Build.0 = Release|Any CPU
		{5B714E36-24A7-4B3F-8FB9-B8BF7A4C5E53}.Debug|Any CPU.ActiveCfg = Debug|Any CPU
		{5B714E36-24A7-4B3F-8FB9-B8BF7A4C5E53}.Debug|Any CPU.Build.0 = Debug|Any CPU
		{5B714E36-24A7-4B3F-8FB9-B8BF7A4C5E53}.Release|Any CPU.ActiveCfg = Release|Any CPU
		{5B714E36-24A7-4B3F-8FB9-B8BF7A4C5E53}.Release|Any CPU.Build.0 = Release|Any CPU
		{4EF50AAE-4DCF-4B17-BE2A-0BD2C75A6A63}.Debug|Any CPU.ActiveCfg = Debug|Any CPU
		{4EF50AAE-4DCF-4B17-BE2A-0BD2C75A6A63}.Debug|Any CPU.Build.0 = Debug|Any CPU
		{4EF50AAE-4DCF-4B17-BE2A-0BD2C75A6A63}.Release|Any CPU.ActiveCfg = Release|Any CPU
		{4EF50AAE-4DCF-4B17-BE2A-0BD2C75A6A63}.Release|Any CPU.Build.0 = Release|Any CPU
		{DB46F302-1635-4A3D-A884-44C96654F547}.Debug|Any CPU.ActiveCfg = Debug|Any CPU
		{DB46F302-1635-4A3D-A884-44C96654F547}.Debug|Any CPU.Build.0 = Debug|Any CPU
		{DB46F302-1635-4A3D-A884-44C96654F547}.Release|Any CPU.ActiveCfg = Release|Any CPU
		{DB46F302-1635-4A3D-A884-44C96654F547}.Release|Any CPU.Build.0 = Release|Any CPU
		{018F877F-BE76-47B6-A093-A70B1CF9B737}.Debug|Any CPU.ActiveCfg = Debug|Any CPU
		{018F877F-BE76-47B6-A093-A70B1CF9B737}.Debug|Any CPU.Build.0 = Debug|Any CPU
		{018F877F-BE76-47B6-A093-A70B1CF9B737}.Release|Any CPU.ActiveCfg = Release|Any CPU
		{018F877F-BE76-47B6-A093-A70B1CF9B737}.Release|Any CPU.Build.0 = Release|Any CPU
		{87882C93-5134-43CE-88E0-16D122B2E9A4}.Debug|Any CPU.ActiveCfg = Debug|Any CPU
		{87882C93-5134-43CE-88E0-16D122B2E9A4}.Debug|Any CPU.Build.0 = Debug|Any CPU
		{87882C93-5134-43CE-88E0-16D122B2E9A4}.Release|Any CPU.ActiveCfg = Release|Any CPU
		{87882C93-5134-43CE-88E0-16D122B2E9A4}.Release|Any CPU.Build.0 = Release|Any CPU
		{40C3FF8A-7768-458E-A275-BB187ED930C3}.Debug|Any CPU.ActiveCfg = Debug|Any CPU
		{40C3FF8A-7768-458E-A275-BB187ED930C3}.Debug|Any CPU.Build.0 = Debug|Any CPU
		{40C3FF8A-7768-458E-A275-BB187ED930C3}.Release|Any CPU.ActiveCfg = Release|Any CPU
		{40C3FF8A-7768-458E-A275-BB187ED930C3}.Release|Any CPU.Build.0 = Release|Any CPU
		{00D35C26-B18C-4C62-A0BC-E68BC5120338}.Debug|Any CPU.ActiveCfg = Debug|Any CPU
		{00D35C26-B18C-4C62-A0BC-E68BC5120338}.Debug|Any CPU.Build.0 = Debug|Any CPU
		{00D35C26-B18C-4C62-A0BC-E68BC5120338}.Release|Any CPU.ActiveCfg = Release|Any CPU
		{00D35C26-B18C-4C62-A0BC-E68BC5120338}.Release|Any CPU.Build.0 = Release|Any CPU
		{16FDEF7F-543E-4536-B0DC-94FAC3F5D7D0}.Debug|Any CPU.ActiveCfg = Debug|Any CPU
		{16FDEF7F-543E-4536-B0DC-94FAC3F5D7D0}.Debug|Any CPU.Build.0 = Debug|Any CPU
		{16FDEF7F-543E-4536-B0DC-94FAC3F5D7D0}.Release|Any CPU.ActiveCfg = Release|Any CPU
		{16FDEF7F-543E-4536-B0DC-94FAC3F5D7D0}.Release|Any CPU.Build.0 = Release|Any CPU
		{B64EC4D0-B978-4F80-BEE9-5293D93B219F}.Debug|Any CPU.ActiveCfg = Debug|Any CPU
		{B64EC4D0-B978-4F80-BEE9-5293D93B219F}.Debug|Any CPU.Build.0 = Debug|Any CPU
		{B64EC4D0-B978-4F80-BEE9-5293D93B219F}.Release|Any CPU.ActiveCfg = Release|Any CPU
		{B64EC4D0-B978-4F80-BEE9-5293D93B219F}.Release|Any CPU.Build.0 = Release|Any CPU
		{DD9B844E-EBF1-40D8-AD93-9B0E04217847}.Debug|Any CPU.ActiveCfg = Debug|Any CPU
		{DD9B844E-EBF1-40D8-AD93-9B0E04217847}.Debug|Any CPU.Build.0 = Debug|Any CPU
		{DD9B844E-EBF1-40D8-AD93-9B0E04217847}.Release|Any CPU.ActiveCfg = Release|Any CPU
		{DD9B844E-EBF1-40D8-AD93-9B0E04217847}.Release|Any CPU.Build.0 = Release|Any CPU
		{0FAFB79C-18BB-457E-BF6D-578C4B6F5DDC}.Debug|Any CPU.ActiveCfg = Debug|Any CPU
		{0FAFB79C-18BB-457E-BF6D-578C4B6F5DDC}.Debug|Any CPU.Build.0 = Debug|Any CPU
		{0FAFB79C-18BB-457E-BF6D-578C4B6F5DDC}.Release|Any CPU.ActiveCfg = Release|Any CPU
		{0FAFB79C-18BB-457E-BF6D-578C4B6F5DDC}.Release|Any CPU.Build.0 = Release|Any CPU
		{B41B36F0-4B52-4275-ABF6-9C17A554C4FB}.Debug|Any CPU.ActiveCfg = Debug|Any CPU
		{B41B36F0-4B52-4275-ABF6-9C17A554C4FB}.Debug|Any CPU.Build.0 = Debug|Any CPU
		{B41B36F0-4B52-4275-ABF6-9C17A554C4FB}.Release|Any CPU.ActiveCfg = Release|Any CPU
		{B41B36F0-4B52-4275-ABF6-9C17A554C4FB}.Release|Any CPU.Build.0 = Release|Any CPU
		{B9327C1A-897D-4AE4-AEAA-878C99FE2C8D}.Debug|Any CPU.ActiveCfg = Debug|Any CPU
		{B9327C1A-897D-4AE4-AEAA-878C99FE2C8D}.Debug|Any CPU.Build.0 = Debug|Any CPU
		{B9327C1A-897D-4AE4-AEAA-878C99FE2C8D}.Release|Any CPU.ActiveCfg = Release|Any CPU
		{B9327C1A-897D-4AE4-AEAA-878C99FE2C8D}.Release|Any CPU.Build.0 = Release|Any CPU
		{EE0CA44F-79F0-4BBD-91F9-C6305BF0CA70}.Debug|Any CPU.ActiveCfg = Debug|Any CPU
		{EE0CA44F-79F0-4BBD-91F9-C6305BF0CA70}.Debug|Any CPU.Build.0 = Debug|Any CPU
		{EE0CA44F-79F0-4BBD-91F9-C6305BF0CA70}.Release|Any CPU.ActiveCfg = Release|Any CPU
		{EE0CA44F-79F0-4BBD-91F9-C6305BF0CA70}.Release|Any CPU.Build.0 = Release|Any CPU
		{DAA499CD-A71F-4CFE-A143-5F27FBC15209}.Debug|Any CPU.ActiveCfg = Debug|Any CPU
		{DAA499CD-A71F-4CFE-A143-5F27FBC15209}.Debug|Any CPU.Build.0 = Debug|Any CPU
		{DAA499CD-A71F-4CFE-A143-5F27FBC15209}.Release|Any CPU.ActiveCfg = Release|Any CPU
		{DAA499CD-A71F-4CFE-A143-5F27FBC15209}.Release|Any CPU.Build.0 = Release|Any CPU
		{73200010-A299-4070-8F38-AD11AF81889A}.Debug|Any CPU.ActiveCfg = Debug|Any CPU
		{73200010-A299-4070-8F38-AD11AF81889A}.Debug|Any CPU.Build.0 = Debug|Any CPU
		{73200010-A299-4070-8F38-AD11AF81889A}.Release|Any CPU.ActiveCfg = Release|Any CPU
		{73200010-A299-4070-8F38-AD11AF81889A}.Release|Any CPU.Build.0 = Release|Any CPU
		{C2425D0B-4142-4846-9D2C-53C747FBE3CE}.Debug|Any CPU.ActiveCfg = Debug|Any CPU
		{C2425D0B-4142-4846-9D2C-53C747FBE3CE}.Debug|Any CPU.Build.0 = Debug|Any CPU
		{C2425D0B-4142-4846-9D2C-53C747FBE3CE}.Release|Any CPU.ActiveCfg = Release|Any CPU
		{C2425D0B-4142-4846-9D2C-53C747FBE3CE}.Release|Any CPU.Build.0 = Release|Any CPU
		{E29D4E2D-BB83-488D-87C9-A304B724FC8C}.Debug|Any CPU.ActiveCfg = Debug|Any CPU
		{E29D4E2D-BB83-488D-87C9-A304B724FC8C}.Debug|Any CPU.Build.0 = Debug|Any CPU
		{E29D4E2D-BB83-488D-87C9-A304B724FC8C}.Release|Any CPU.ActiveCfg = Release|Any CPU
		{E29D4E2D-BB83-488D-87C9-A304B724FC8C}.Release|Any CPU.Build.0 = Release|Any CPU
		{A070C91E-E2F4-4D55-A803-95FCB4B9AF1E}.Debug|Any CPU.ActiveCfg = Debug|Any CPU
		{A070C91E-E2F4-4D55-A803-95FCB4B9AF1E}.Debug|Any CPU.Build.0 = Debug|Any CPU
		{A070C91E-E2F4-4D55-A803-95FCB4B9AF1E}.Release|Any CPU.ActiveCfg = Release|Any CPU
		{A070C91E-E2F4-4D55-A803-95FCB4B9AF1E}.Release|Any CPU.Build.0 = Release|Any CPU
		{5FFEF652-A41C-4F6B-A376-0C3C411895AF}.Debug|Any CPU.ActiveCfg = Debug|Any CPU
		{5FFEF652-A41C-4F6B-A376-0C3C411895AF}.Debug|Any CPU.Build.0 = Debug|Any CPU
		{5FFEF652-A41C-4F6B-A376-0C3C411895AF}.Release|Any CPU.ActiveCfg = Release|Any CPU
		{5FFEF652-A41C-4F6B-A376-0C3C411895AF}.Release|Any CPU.Build.0 = Release|Any CPU
		{38092AB6-2B04-41CB-B134-92FACB8CCD84}.Debug|Any CPU.ActiveCfg = Debug|Any CPU
		{38092AB6-2B04-41CB-B134-92FACB8CCD84}.Debug|Any CPU.Build.0 = Debug|Any CPU
		{38092AB6-2B04-41CB-B134-92FACB8CCD84}.Release|Any CPU.ActiveCfg = Release|Any CPU
		{38092AB6-2B04-41CB-B134-92FACB8CCD84}.Release|Any CPU.Build.0 = Release|Any CPU
		{790FAD6A-5E59-4876-BF96-5A9DDC8AD246}.Debug|Any CPU.ActiveCfg = Debug|Any CPU
		{790FAD6A-5E59-4876-BF96-5A9DDC8AD246}.Debug|Any CPU.Build.0 = Debug|Any CPU
		{790FAD6A-5E59-4876-BF96-5A9DDC8AD246}.Release|Any CPU.ActiveCfg = Release|Any CPU
		{790FAD6A-5E59-4876-BF96-5A9DDC8AD246}.Release|Any CPU.Build.0 = Release|Any CPU
		{231593A2-E35F-460A-9C74-4275C5DC7199}.Debug|Any CPU.ActiveCfg = Debug|Any CPU
		{231593A2-E35F-460A-9C74-4275C5DC7199}.Debug|Any CPU.Build.0 = Debug|Any CPU
		{231593A2-E35F-460A-9C74-4275C5DC7199}.Release|Any CPU.ActiveCfg = Release|Any CPU
		{231593A2-E35F-460A-9C74-4275C5DC7199}.Release|Any CPU.Build.0 = Release|Any CPU
		{55A8683F-5B6F-4FDB-A110-95442B9C6A09}.Debug|Any CPU.ActiveCfg = Debug|Any CPU
		{55A8683F-5B6F-4FDB-A110-95442B9C6A09}.Debug|Any CPU.Build.0 = Debug|Any CPU
		{55A8683F-5B6F-4FDB-A110-95442B9C6A09}.Release|Any CPU.ActiveCfg = Release|Any CPU
		{55A8683F-5B6F-4FDB-A110-95442B9C6A09}.Release|Any CPU.Build.0 = Release|Any CPU
		{E5053B7B-02E9-427A-8EA1-B838EC615C00}.Debug|Any CPU.ActiveCfg = Debug|Any CPU
		{E5053B7B-02E9-427A-8EA1-B838EC615C00}.Debug|Any CPU.Build.0 = Debug|Any CPU
		{E5053B7B-02E9-427A-8EA1-B838EC615C00}.Release|Any CPU.ActiveCfg = Release|Any CPU
		{E5053B7B-02E9-427A-8EA1-B838EC615C00}.Release|Any CPU.Build.0 = Release|Any CPU
		{4587ABC0-6CE7-4329-BD8C-8D4BEB260E94}.Debug|Any CPU.ActiveCfg = Debug|Any CPU
		{4587ABC0-6CE7-4329-BD8C-8D4BEB260E94}.Debug|Any CPU.Build.0 = Debug|Any CPU
		{4587ABC0-6CE7-4329-BD8C-8D4BEB260E94}.Release|Any CPU.ActiveCfg = Release|Any CPU
		{4587ABC0-6CE7-4329-BD8C-8D4BEB260E94}.Release|Any CPU.Build.0 = Release|Any CPU
		{841D5BF1-FE77-44EE-B2F3-737F71510A97}.Debug|Any CPU.ActiveCfg = Debug|Any CPU
		{841D5BF1-FE77-44EE-B2F3-737F71510A97}.Debug|Any CPU.Build.0 = Debug|Any CPU
		{841D5BF1-FE77-44EE-B2F3-737F71510A97}.Release|Any CPU.ActiveCfg = Release|Any CPU
		{841D5BF1-FE77-44EE-B2F3-737F71510A97}.Release|Any CPU.Build.0 = Release|Any CPU
		{EDEAF69B-EEFB-4827-A05A-705B23A60198}.Debug|Any CPU.ActiveCfg = Debug|Any CPU
		{EDEAF69B-EEFB-4827-A05A-705B23A60198}.Debug|Any CPU.Build.0 = Debug|Any CPU
		{EDEAF69B-EEFB-4827-A05A-705B23A60198}.Release|Any CPU.ActiveCfg = Release|Any CPU
		{EDEAF69B-EEFB-4827-A05A-705B23A60198}.Release|Any CPU.Build.0 = Release|Any CPU
		{E94080F4-9B47-4473-A665-F1587CB5A297}.Debug|Any CPU.ActiveCfg = Debug|Any CPU
		{E94080F4-9B47-4473-A665-F1587CB5A297}.Debug|Any CPU.Build.0 = Debug|Any CPU
		{E94080F4-9B47-4473-A665-F1587CB5A297}.Release|Any CPU.ActiveCfg = Release|Any CPU
		{E94080F4-9B47-4473-A665-F1587CB5A297}.Release|Any CPU.Build.0 = Release|Any CPU
		{6229CD2A-72ED-4BD0-9C3C-BD73AA79A364}.Debug|Any CPU.ActiveCfg = Debug|Any CPU
		{6229CD2A-72ED-4BD0-9C3C-BD73AA79A364}.Debug|Any CPU.Build.0 = Debug|Any CPU
		{6229CD2A-72ED-4BD0-9C3C-BD73AA79A364}.Release|Any CPU.ActiveCfg = Release|Any CPU
		{6229CD2A-72ED-4BD0-9C3C-BD73AA79A364}.Release|Any CPU.Build.0 = Release|Any CPU
		{F5512197-B65A-43EA-A827-BD1455919B50}.Debug|Any CPU.ActiveCfg = Debug|Any CPU
		{F5512197-B65A-43EA-A827-BD1455919B50}.Debug|Any CPU.Build.0 = Debug|Any CPU
		{F5512197-B65A-43EA-A827-BD1455919B50}.Release|Any CPU.ActiveCfg = Release|Any CPU
		{F5512197-B65A-43EA-A827-BD1455919B50}.Release|Any CPU.Build.0 = Release|Any CPU
		{281A679F-25F7-4253-B36A-B2782E26A928}.Debug|Any CPU.ActiveCfg = Debug|Any CPU
		{281A679F-25F7-4253-B36A-B2782E26A928}.Debug|Any CPU.Build.0 = Debug|Any CPU
		{281A679F-25F7-4253-B36A-B2782E26A928}.Release|Any CPU.ActiveCfg = Release|Any CPU
		{281A679F-25F7-4253-B36A-B2782E26A928}.Release|Any CPU.Build.0 = Release|Any CPU
	EndGlobalSection
	GlobalSection(SolutionProperties) = preSolution
		HideSolutionNode = FALSE
	EndGlobalSection
	GlobalSection(ExtensibilityGlobals) = postSolution
		SolutionGuid = {07FD7E73-DD02-42DD-B600-68ABCB9EECD8}
	EndGlobalSection
EndGlobal
