
Microsoft Visual Studio Solution File, Format Version 12.00
# Visual Studio Version 16
VisualStudioVersion = 16.0.29009.5
MinimumVisualStudioVersion = 10.0.40219.1
Project("{FAE04EC0-301F-11D3-BF4B-00C04F79EFBC}") = "300_LongestIncreasingSubsequence", "300_LongestIncreasingSubsequence\300_LongestIncreasingSubsequence.csproj", "{785ECC35-CD4B-409D-852E-FC07E4B5CFD6}"
EndProject
Project("{FAE04EC0-301F-11D3-BF4B-00C04F79EFBC}") = "1419_MinimumNumberofFrogsCroaking", "1419_MinimumNumberofFrogsCroaking\1419_MinimumNumberofFrogsCroaking.csproj", "{C7B96DC0-0FA1-4298-8D6D-0DACC6D25316}"
EndProject
Project("{FAE04EC0-301F-11D3-BF4B-00C04F79EFBC}") = "38_CountAndSay", "38_CountAndSay\38_CountAndSay.csproj", "{65D7694F-1685-446D-8E8F-FA616A4C5DDE}"
EndProject
Project("{FAE04EC0-301F-11D3-BF4B-00C04F79EFBC}") = "1_TwoSum", "1_TwoSum\1_TwoSum.csproj", "{09027B20-C798-46C2-AA90-373CB9CF4C9D}"
EndProject
Project("{FAE04EC0-301F-11D3-BF4B-00C04F79EFBC}") = "15_ThreeSum", "15_ThreeSum\15_ThreeSum.csproj", "{FA98BF15-EAC4-475A-9951-1AF748D07E10}"
EndProject
Project("{FAE04EC0-301F-11D3-BF4B-00C04F79EFBC}") = "11_ContainerWithMostWater", "11_ContainerWithMostWater\11_ContainerWithMostWater.csproj", "{9CFC7654-BCD5-41D0-ABD0-2338775C2B13}"
EndProject
Project("{FAE04EC0-301F-11D3-BF4B-00C04F79EFBC}") = "283_MoveZeroes", "283_MoveZeroes\283_MoveZeroes.csproj", "{27D6175E-6B3F-4BA5-A1DE-CFD8265FCE7B}"
EndProject
Project("{FAE04EC0-301F-11D3-BF4B-00C04F79EFBC}") = "70_ClimbingStairs", "70_ClimbingStairs\70_ClimbingStairs.csproj", "{C9D1DB3A-C35D-4CA4-83DC-116DD5940308}"
EndProject
Project("{FAE04EC0-301F-11D3-BF4B-00C04F79EFBC}") = "206_ReverseLinkedList", "206_ReverseLinkedList\206_ReverseLinkedList.csproj", "{65631E99-45E0-4820-88ED-97B9EC2BFC18}"
EndProject
Project("{FAE04EC0-301F-11D3-BF4B-00C04F79EFBC}") = "24_SwapNodesInPairs", "24_SwapNodesInPairs\24_SwapNodesInPairs.csproj", "{2BFAD012-EF70-4DC1-B4A1-10737C7D5FC6}"
EndProject
Project("{FAE04EC0-301F-11D3-BF4B-00C04F79EFBC}") = "141_LinkedListCycle", "141_LinkedListCycle\141_LinkedListCycle.csproj", "{CF51FDE2-70AA-447A-9E4B-BBC0E898BE4B}"
EndProject
Project("{FAE04EC0-301F-11D3-BF4B-00C04F79EFBC}") = "142_LinkedListCycle2", "142_LinkedListCycle2\142_LinkedListCycle2.csproj", "{2F8C0CF9-71AB-470E-A972-EEA76EB86BE1}"
EndProject
Project("{FAE04EC0-301F-11D3-BF4B-00C04F79EFBC}") = "25_ReverseNodesInK-Group", "25_ReverseNodesInK-Group\25_ReverseNodesInK-Group.csproj", "{181857A6-1845-45C2-9F77-37BB02341F23}"
EndProject
Global
	GlobalSection(SolutionConfigurationPlatforms) = preSolution
		Debug|Any CPU = Debug|Any CPU
		Release|Any CPU = Release|Any CPU
	EndGlobalSection
	GlobalSection(ProjectConfigurationPlatforms) = postSolution
		{785ECC35-CD4B-409D-852E-FC07E4B5CFD6}.Debug|Any CPU.ActiveCfg = Debug|Any CPU
		{785ECC35-CD4B-409D-852E-FC07E4B5CFD6}.Debug|Any CPU.Build.0 = Debug|Any CPU
		{785ECC35-CD4B-409D-852E-FC07E4B5CFD6}.Release|Any CPU.ActiveCfg = Release|Any CPU
		{785ECC35-CD4B-409D-852E-FC07E4B5CFD6}.Release|Any CPU.Build.0 = Release|Any CPU
		{C7B96DC0-0FA1-4298-8D6D-0DACC6D25316}.Debug|Any CPU.ActiveCfg = Debug|Any CPU
		{C7B96DC0-0FA1-4298-8D6D-0DACC6D25316}.Debug|Any CPU.Build.0 = Debug|Any CPU
		{C7B96DC0-0FA1-4298-8D6D-0DACC6D25316}.Release|Any CPU.ActiveCfg = Release|Any CPU
		{C7B96DC0-0FA1-4298-8D6D-0DACC6D25316}.Release|Any CPU.Build.0 = Release|Any CPU
		{65D7694F-1685-446D-8E8F-FA616A4C5DDE}.Debug|Any CPU.ActiveCfg = Debug|Any CPU
		{65D7694F-1685-446D-8E8F-FA616A4C5DDE}.Debug|Any CPU.Build.0 = Debug|Any CPU
		{65D7694F-1685-446D-8E8F-FA616A4C5DDE}.Release|Any CPU.ActiveCfg = Release|Any CPU
		{65D7694F-1685-446D-8E8F-FA616A4C5DDE}.Release|Any CPU.Build.0 = Release|Any CPU
		{09027B20-C798-46C2-AA90-373CB9CF4C9D}.Debug|Any CPU.ActiveCfg = Debug|Any CPU
		{09027B20-C798-46C2-AA90-373CB9CF4C9D}.Debug|Any CPU.Build.0 = Debug|Any CPU
		{09027B20-C798-46C2-AA90-373CB9CF4C9D}.Release|Any CPU.ActiveCfg = Release|Any CPU
		{09027B20-C798-46C2-AA90-373CB9CF4C9D}.Release|Any CPU.Build.0 = Release|Any CPU
		{FA98BF15-EAC4-475A-9951-1AF748D07E10}.Debug|Any CPU.ActiveCfg = Debug|Any CPU
		{FA98BF15-EAC4-475A-9951-1AF748D07E10}.Debug|Any CPU.Build.0 = Debug|Any CPU
		{FA98BF15-EAC4-475A-9951-1AF748D07E10}.Release|Any CPU.ActiveCfg = Release|Any CPU
		{FA98BF15-EAC4-475A-9951-1AF748D07E10}.Release|Any CPU.Build.0 = Release|Any CPU
		{9CFC7654-BCD5-41D0-ABD0-2338775C2B13}.Debug|Any CPU.ActiveCfg = Debug|Any CPU
		{9CFC7654-BCD5-41D0-ABD0-2338775C2B13}.Debug|Any CPU.Build.0 = Debug|Any CPU
		{9CFC7654-BCD5-41D0-ABD0-2338775C2B13}.Release|Any CPU.ActiveCfg = Release|Any CPU
		{9CFC7654-BCD5-41D0-ABD0-2338775C2B13}.Release|Any CPU.Build.0 = Release|Any CPU
		{27D6175E-6B3F-4BA5-A1DE-CFD8265FCE7B}.Debug|Any CPU.ActiveCfg = Debug|Any CPU
		{27D6175E-6B3F-4BA5-A1DE-CFD8265FCE7B}.Debug|Any CPU.Build.0 = Debug|Any CPU
		{27D6175E-6B3F-4BA5-A1DE-CFD8265FCE7B}.Release|Any CPU.ActiveCfg = Release|Any CPU
		{27D6175E-6B3F-4BA5-A1DE-CFD8265FCE7B}.Release|Any CPU.Build.0 = Release|Any CPU
		{C9D1DB3A-C35D-4CA4-83DC-116DD5940308}.Debug|Any CPU.ActiveCfg = Debug|Any CPU
		{C9D1DB3A-C35D-4CA4-83DC-116DD5940308}.Debug|Any CPU.Build.0 = Debug|Any CPU
		{C9D1DB3A-C35D-4CA4-83DC-116DD5940308}.Release|Any CPU.ActiveCfg = Release|Any CPU
		{C9D1DB3A-C35D-4CA4-83DC-116DD5940308}.Release|Any CPU.Build.0 = Release|Any CPU
		{65631E99-45E0-4820-88ED-97B9EC2BFC18}.Debug|Any CPU.ActiveCfg = Debug|Any CPU
		{65631E99-45E0-4820-88ED-97B9EC2BFC18}.Debug|Any CPU.Build.0 = Debug|Any CPU
		{65631E99-45E0-4820-88ED-97B9EC2BFC18}.Release|Any CPU.ActiveCfg = Release|Any CPU
		{65631E99-45E0-4820-88ED-97B9EC2BFC18}.Release|Any CPU.Build.0 = Release|Any CPU
		{2BFAD012-EF70-4DC1-B4A1-10737C7D5FC6}.Debug|Any CPU.ActiveCfg = Debug|Any CPU
		{2BFAD012-EF70-4DC1-B4A1-10737C7D5FC6}.Debug|Any CPU.Build.0 = Debug|Any CPU
		{2BFAD012-EF70-4DC1-B4A1-10737C7D5FC6}.Release|Any CPU.ActiveCfg = Release|Any CPU
		{2BFAD012-EF70-4DC1-B4A1-10737C7D5FC6}.Release|Any CPU.Build.0 = Release|Any CPU
		{CF51FDE2-70AA-447A-9E4B-BBC0E898BE4B}.Debug|Any CPU.ActiveCfg = Debug|Any CPU
		{CF51FDE2-70AA-447A-9E4B-BBC0E898BE4B}.Debug|Any CPU.Build.0 = Debug|Any CPU
		{CF51FDE2-70AA-447A-9E4B-BBC0E898BE4B}.Release|Any CPU.ActiveCfg = Release|Any CPU
		{CF51FDE2-70AA-447A-9E4B-BBC0E898BE4B}.Release|Any CPU.Build.0 = Release|Any CPU
		{2F8C0CF9-71AB-470E-A972-EEA76EB86BE1}.Debug|Any CPU.ActiveCfg = Debug|Any CPU
		{2F8C0CF9-71AB-470E-A972-EEA76EB86BE1}.Debug|Any CPU.Build.0 = Debug|Any CPU
		{2F8C0CF9-71AB-470E-A972-EEA76EB86BE1}.Release|Any CPU.ActiveCfg = Release|Any CPU
		{2F8C0CF9-71AB-470E-A972-EEA76EB86BE1}.Release|Any CPU.Build.0 = Release|Any CPU
		{181857A6-1845-45C2-9F77-37BB02341F23}.Debug|Any CPU.ActiveCfg = Debug|Any CPU
		{181857A6-1845-45C2-9F77-37BB02341F23}.Debug|Any CPU.Build.0 = Debug|Any CPU
		{181857A6-1845-45C2-9F77-37BB02341F23}.Release|Any CPU.ActiveCfg = Release|Any CPU
		{181857A6-1845-45C2-9F77-37BB02341F23}.Release|Any CPU.Build.0 = Release|Any CPU
	EndGlobalSection
	GlobalSection(SolutionProperties) = preSolution
		HideSolutionNode = FALSE
	EndGlobalSection
	GlobalSection(ExtensibilityGlobals) = postSolution
		SolutionGuid = {07FD7E73-DD02-42DD-B600-68ABCB9EECD8}
	EndGlobalSection
EndGlobal
